
Microsoft Visual Studio Solution File, Format Version 12.00
# Visual Studio 14
VisualStudioVersion = 14.0.25420.1
MinimumVisualStudioVersion = 10.0.40219.1
Project("{FAE04EC0-301F-11D3-BF4B-00C04F79EFBC}") = "WindowsServiceHost", "WindowsServiceHost\WindowsServiceHost.csproj", "{06F77A36-6321-4E95-B5E6-1A5E85BDB1C7}"
EndProject
Project("{FAE04EC0-301F-11D3-BF4B-00C04F79EFBC}") = "HelloService", "HelloService\HelloService.csproj", "{7C2F68A3-8B15-4D9A-9B78-D9D83861C724}"
EndProject
Project("{FAE04EC0-301F-11D3-BF4B-00C04F79EFBC}") = "Client", "Client\Client.csproj", "{0C1CE1C7-E93A-423F-8EDA-C74EC080E6A6}"
EndProject
Project("{FAE04EC0-301F-11D3-BF4B-00C04F79EFBC}") = "WASHost", "WASHost\WASHost.csproj", "{7B85F5C7-B775-4850-B70B-C8820A65A188}"
EndProject
Global
	GlobalSection(SolutionConfigurationPlatforms) = preSolution
		Debug|Any CPU = Debug|Any CPU
		Release|Any CPU = Release|Any CPU
	EndGlobalSection
	GlobalSection(ProjectConfigurationPlatforms) = postSolution
		{06F77A36-6321-4E95-B5E6-1A5E85BDB1C7}.Debug|Any CPU.ActiveCfg = Debug|Any CPU
		{06F77A36-6321-4E95-B5E6-1A5E85BDB1C7}.Debug|Any CPU.Build.0 = Debug|Any CPU
		{06F77A36-6321-4E95-B5E6-1A5E85BDB1C7}.Release|Any CPU.ActiveCfg = Release|Any CPU
		{06F77A36-6321-4E95-B5E6-1A5E85BDB1C7}.Release|Any CPU.Build.0 = Release|Any CPU
		{7C2F68A3-8B15-4D9A-9B78-D9D83861C724}.Debug|Any CPU.ActiveCfg = Debug|Any CPU
		{7C2F68A3-8B15-4D9A-9B78-D9D83861C724}.Debug|Any CPU.Build.0 = Debug|Any CPU
		{7C2F68A3-8B15-4D9A-9B78-D9D83861C724}.Release|Any CPU.ActiveCfg = Release|Any CPU
		{7C2F68A3-8B15-4D9A-9B78-D9D83861C724}.Release|Any CPU.Build.0 = Release|Any CPU
		{0C1CE1C7-E93A-423F-8EDA-C74EC080E6A6}.Debug|Any CPU.ActiveCfg = Debug|Any CPU
		{0C1CE1C7-E93A-423F-8EDA-C74EC080E6A6}.Debug|Any CPU.Build.0 = Debug|Any CPU
		{0C1CE1C7-E93A-423F-8EDA-C74EC080E6A6}.Release|Any CPU.ActiveCfg = Release|Any CPU
		{0C1CE1C7-E93A-423F-8EDA-C74EC080E6A6}.Release|Any CPU.Build.0 = Release|Any CPU
		{7B85F5C7-B775-4850-B70B-C8820A65A188}.Debug|Any CPU.ActiveCfg = Debug|Any CPU
		{7B85F5C7-B775-4850-B70B-C8820A65A188}.Debug|Any CPU.Build.0 = Debug|Any CPU
		{7B85F5C7-B775-4850-B70B-C8820A65A188}.Release|Any CPU.ActiveCfg = Release|Any CPU
		{7B85F5C7-B775-4850-B70B-C8820A65A188}.Release|Any CPU.Build.0 = Release|Any CPU
	EndGlobalSection
	GlobalSection(SolutionProperties) = preSolution
		HideSolutionNode = FALSE
	EndGlobalSection
EndGlobal
